<?xml version="1.0" encoding="utf-8"?>
<Project ToolsVersion="4.0" xmlns="http://schemas.microsoft.com/developer/msbuild/2003">
  <ItemGroup>
    <Filter Include="소스 파일">
      <UniqueIdentifier>{4FC737F1-C7A5-4376-A066-2A32D752A2FF}</UniqueIdentifier>
      <Extensions>cpp;c;cc;cxx;def;odl;idl;hpj;bat;asm;asmx</Extensions>
    </Filter>
    <Filter Include="헤더 파일">
      <UniqueIdentifier>{93995380-89BD-4b04-88EB-625FBE52EBFB}</UniqueIdentifier>
      <Extensions>h;hh;hpp;hxx;hm;inl;inc;ipp;xsd</Extensions>
    </Filter>
    <Filter Include="리소스 파일">
      <UniqueIdentifier>{67DA6AB6-F800-4c08-8B7A-83BB121AAD01}</UniqueIdentifier>
      <Extensions>rc;ico;cur;bmp;dlg;rc2;rct;bin;rgs;gif;jpg;jpeg;jpe;resx;tiff;tif;png;wav;mfcribbon-ms</Extensions>
    </Filter>
  </ItemGroup>
  <ItemGroup>
    <ClInclude Include="stdafx.h">
      <Filter>헤더 파일</Filter>
    </ClInclude>
    <ClInclude Include="targetver.h">
      <Filter>헤더 파일</Filter>
    </ClInclude>
  </ItemGroup>
  <ItemGroup>
    <ClCompile Include="stdafx.cpp">
      <Filter>소스 파일</Filter>
    </ClCompile>
    <ClCompile Include="연구소.cpp">
      <Filter>소스 파일</Filter>
    </ClCompile>
    <ClCompile Include="로봇 청소기.cpp">
      <Filter>소스 파일</Filter>
    </ClCompile>
    <ClCompile Include="미생물 격리.cpp">
      <Filter>소스 파일</Filter>
    </ClCompile>
    <ClCompile Include="최빈수 구하기.cpp">
      <Filter>소스 파일</Filter>
    </ClCompile>
    <ClCompile Include="등산로 조성.cpp">
      <Filter>소스 파일</Filter>
    </ClCompile>
    <ClCompile Include="사다리 조작.cpp">
      <Filter>소스 파일</Filter>
    </ClCompile>
    <ClCompile Include="멀티탭 스케줄링.cpp">
      <Filter>소스 파일</Filter>
    </ClCompile>
    <ClCompile Include="징검다리 건너기.cpp">
      <Filter>소스 파일</Filter>
    </ClCompile>
    <ClCompile Include="불량 사용자.cpp">
      <Filter>소스 파일</Filter>
    </ClCompile>
    <ClCompile Include="짚신벌레.cpp">
      <Filter>소스 파일</Filter>
    </ClCompile>
    <ClCompile Include="승자 예측하기.cpp">
      <Filter>소스 파일</Filter>
    </ClCompile>
    <ClCompile Include="가능한 시험 점수.cpp">
      <Filter>소스 파일</Filter>
    </ClCompile>
    <ClCompile Include="이상한 피라미드 탐험.cpp">
      <Filter>소스 파일</Filter>
    </ClCompile>
    <ClCompile Include="인구 이동.cpp">
      <Filter>소스 파일</Filter>
    </ClCompile>
    <ClCompile Include="안전 영역.cpp">
      <Filter>소스 파일</Filter>
    </ClCompile>
    <ClCompile Include="구슬 탈출2.cpp">
      <Filter>소스 파일</Filter>
    </ClCompile>
    <ClCompile Include="연속합.cpp">
      <Filter>소스 파일</Filter>
    </ClCompile>
    <ClCompile Include="드래곤 커브.cpp">
      <Filter>소스 파일</Filter>
    </ClCompile>
    <ClCompile Include="아기 상어.cpp">
      <Filter>소스 파일</Filter>
    </ClCompile>
    <ClCompile Include="히스토그램.cpp">
      <Filter>소스 파일</Filter>
    </ClCompile>
    <ClCompile Include="격자판의 숫자 이어 붙이기.cpp">
      <Filter>소스 파일</Filter>
    </ClCompile>
    <ClCompile Include="감시.cpp">
      <Filter>소스 파일</Filter>
    </ClCompile>
    <ClCompile Include="치킨 배달.cpp">
      <Filter>소스 파일</Filter>
    </ClCompile>
    <ClCompile Include="구간 합 구하기5.cpp">
      <Filter>소스 파일</Filter>
    </ClCompile>
    <ClCompile Include="하나로.cpp">
      <Filter>소스 파일</Filter>
    </ClCompile>
    <ClCompile Include="자물쇠와 열쇠.cpp">
      <Filter>소스 파일</Filter>
    </ClCompile>
    <ClCompile Include="게리맨더링2.cpp">
      <Filter>소스 파일</Filter>
    </ClCompile>
    <ClCompile Include="파티.cpp">
      <Filter>소스 파일</Filter>
    </ClCompile>
    <ClCompile Include="스티커 붙이기.cpp">
      <Filter>소스 파일</Filter>
    </ClCompile>
    <ClCompile Include="요리사.cpp">
      <Filter>소스 파일</Filter>
    </ClCompile>
    <ClCompile Include="뉴스 클러스터링.cpp">
      <Filter>소스 파일</Filter>
    </ClCompile>
    <ClCompile Include="프렌즈4블록.cpp">
      <Filter>소스 파일</Filter>
    </ClCompile>
    <ClCompile Include="뱀.cpp">
      <Filter>소스 파일</Filter>
    </ClCompile>
    <ClCompile Include="수영장.cpp">
      <Filter>소스 파일</Filter>
    </ClCompile>
    <ClCompile Include="Count Circle Groups.cpp">
      <Filter>소스 파일</Filter>
    </ClCompile>
    <ClCompile Include="새로운 게임2.cpp">
      <Filter>소스 파일</Filter>
    </ClCompile>
    <ClCompile Include="퇴사.cpp">
      <Filter>소스 파일</Filter>
    </ClCompile>
    <ClCompile Include="경사로.cpp">
      <Filter>소스 파일</Filter>
    </ClCompile>
    <ClCompile Include="탈주자 검거.cpp">
      <Filter>소스 파일</Filter>
    </ClCompile>
  </ItemGroup>
</Project>